
Microsoft Visual Studio Solution File, Format Version 12.00
# Visual Studio Version 17
VisualStudioVersion = 17.10.35013.160
MinimumVisualStudioVersion = 10.0.40219.1
Project("{FAE04EC0-301F-11D3-BF4B-00C04F79EFBC}") = "SalesWebMVC", "SalesWebMVC\SalesWebMVC.csproj", "{CD79C780-C914-445A-9F7C-FEBA521DD879}"
EndProject
Global
	GlobalSection(SolutionConfigurationPlatforms) = preSolution
		Debug|Any CPU = Debug|Any CPU
		Release|Any CPU = Release|Any CPU
	EndGlobalSection
	GlobalSection(ProjectConfigurationPlatforms) = postSolution
		{CD79C780-C914-445A-9F7C-FEBA521DD879}.Debug|Any CPU.ActiveCfg = Debug|Any CPU
		{CD79C780-C914-445A-9F7C-FEBA521DD879}.Debug|Any CPU.Build.0 = Debug|Any CPU
		{CD79C780-C914-445A-9F7C-FEBA521DD879}.Release|Any CPU.ActiveCfg = Release|Any CPU
		{CD79C780-C914-445A-9F7C-FEBA521DD879}.Release|Any CPU.Build.0 = Release|Any CPU
	EndGlobalSection
	GlobalSection(SolutionProperties) = preSolution
		HideSolutionNode = FALSE
	EndGlobalSection
	GlobalSection(ExtensibilityGlobals) = postSolution
		SolutionGuid = {FD82CF16-11EA-4C1B-B703-4CA812AF43F4}
	EndGlobalSection
EndGlobal
